# This file is automatically @generated by Cargo.
# It is not intended for manual editing.
version = 4

[[package]]
name = "game_of_word"
version = "0.1.0"
dependencies = [
 "ran",
]

[[package]]
name = "ran"
version = "2.0.1"
source = "registry+https://github.com/rust-lang/crates.io-index"
checksum = "5ec3b34b7476ace56430f442988b1faca754c3f05932f4d32a3a6cb7367f25f8"
